
Microsoft Visual Studio Solution File, Format Version 12.00
# Visual Studio 2012
Project("{FAE04EC0-301F-11D3-BF4B-00C04F79EFBC}") = "EventSourcing", "EventSourcing\EventSourcing.csproj", "{712A91CD-01C1-4FCC-A7E7-44A4586C21F4}"
EndProject
Project("{FAE04EC0-301F-11D3-BF4B-00C04F79EFBC}") = "EventSourcing.Example", "EventSourcing.Example\EventSourcing.Example.csproj", "{2F072D89-603C-43BC-8CF7-62E32D93CD94}"
EndProject
Project("{FAE04EC0-301F-11D3-BF4B-00C04F79EFBC}") = "EventStorage", "EventStorage\EventStorage.csproj", "{ED9347F5-CCAD-430A-80E8-BA770B4D9DE0}"
EndProject
Global
	GlobalSection(SolutionConfigurationPlatforms) = preSolution
		Debug|Any CPU = Debug|Any CPU
		Release|Any CPU = Release|Any CPU
	EndGlobalSection
	GlobalSection(ProjectConfigurationPlatforms) = postSolution
		{712A91CD-01C1-4FCC-A7E7-44A4586C21F4}.Debug|Any CPU.ActiveCfg = Debug|Any CPU
		{712A91CD-01C1-4FCC-A7E7-44A4586C21F4}.Debug|Any CPU.Build.0 = Debug|Any CPU
		{712A91CD-01C1-4FCC-A7E7-44A4586C21F4}.Release|Any CPU.ActiveCfg = Release|Any CPU
		{712A91CD-01C1-4FCC-A7E7-44A4586C21F4}.Release|Any CPU.Build.0 = Release|Any CPU
		{2F072D89-603C-43BC-8CF7-62E32D93CD94}.Debug|Any CPU.ActiveCfg = Debug|Any CPU
		{2F072D89-603C-43BC-8CF7-62E32D93CD94}.Debug|Any CPU.Build.0 = Debug|Any CPU
		{2F072D89-603C-43BC-8CF7-62E32D93CD94}.Release|Any CPU.ActiveCfg = Release|Any CPU
		{2F072D89-603C-43BC-8CF7-62E32D93CD94}.Release|Any CPU.Build.0 = Release|Any CPU
		{ED9347F5-CCAD-430A-80E8-BA770B4D9DE0}.Debug|Any CPU.ActiveCfg = Debug|Any CPU
		{ED9347F5-CCAD-430A-80E8-BA770B4D9DE0}.Debug|Any CPU.Build.0 = Debug|Any CPU
		{ED9347F5-CCAD-430A-80E8-BA770B4D9DE0}.Release|Any CPU.ActiveCfg = Release|Any CPU
		{ED9347F5-CCAD-430A-80E8-BA770B4D9DE0}.Release|Any CPU.Build.0 = Release|Any CPU
	EndGlobalSection
	GlobalSection(SolutionProperties) = preSolution
		HideSolutionNode = FALSE
	EndGlobalSection
EndGlobal
