
Microsoft Visual Studio Solution File, Format Version 12.00
# Visual Studio 2013
VisualStudioVersion = 12.0.31101.0
MinimumVisualStudioVersion = 10.0.40219.1
Project("{FAE04EC0-301F-11D3-BF4B-00C04F79EFBC}") = "EventSourcing", "EventSourcing\EventSourcing.csproj", "{712A91CD-01C1-4FCC-A7E7-44A4586C21F4}"
EndProject
Project("{FAE04EC0-301F-11D3-BF4B-00C04F79EFBC}") = "EventSourcing.Example", "EventSourcing.Example\EventSourcing.Example.csproj", "{2F072D89-603C-43BC-8CF7-62E32D93CD94}"
EndProject
Project("{FAE04EC0-301F-11D3-BF4B-00C04F79EFBC}") = "EventSourcing.Publishing.MassTransit", "EventSourcing.Publishing.MassTransit\EventSourcing.Publishing.MassTransit.csproj", "{20775A52-9B65-4175-A519-B6867AD99C45}"
EndProject
Project("{2150E333-8FDC-42A3-9474-1A3956D46DE8}") = ".nuget", ".nuget", "{1B04F628-F45D-4D4E-BAFF-BB9EC4D224A2}"
	ProjectSection(SolutionItems) = preProject
		..\.nuget\NuGet.Config = ..\.nuget\NuGet.Config
	EndProjectSection
EndProject
Project("{FAE04EC0-301F-11D3-BF4B-00C04F79EFBC}") = "EventSourcing.ApplicationService", "EventSourcing.ApplicationService\EventSourcing.ApplicationService.csproj", "{3D205F92-F9D5-4C67-9A23-E0F10DF1F435}"
EndProject
Project("{FAE04EC0-301F-11D3-BF4B-00C04F79EFBC}") = "EventSourcing.ApplicationService.MassTransit", "EventSourcing.ApplicationService.MassTransit\EventSourcing.ApplicationService.MassTransit.csproj", "{0B912015-26AF-4DF3-841E-160E800EDCFC}"
EndProject
Project("{FAE04EC0-301F-11D3-BF4B-00C04F79EFBC}") = "EventSourcing.Serialization", "EventSourcing.Serialization\EventSourcing.Serialization.csproj", "{30F2DCB7-921E-4C94-AE32-1ABC9B3361E4}"
EndProject
Project("{FAE04EC0-301F-11D3-BF4B-00C04F79EFBC}") = "EventSourcing.Serialization.Json", "EventSourcing.Serialization.Json\EventSourcing.Serialization.Json.csproj", "{BF04227F-5770-4793-B8A1-AA979B39F70B}"
EndProject
Project("{2150E333-8FDC-42A3-9474-1A3956D46DE8}") = "Tests", "Tests", "{3BCFE255-C7E4-4EDE-90D1-119A487DAAAE}"
EndProject
Project("{FAE04EC0-301F-11D3-BF4B-00C04F79EFBC}") = "EventSourcing.Serialization.Json.Tests", "EventSourcing.Serialization.Json.Tests\EventSourcing.Serialization.Json.Tests.csproj", "{C379B274-FA4F-447A-A548-AACA2BB60DC1}"
EndProject
Project("{FAE04EC0-301F-11D3-BF4B-00C04F79EFBC}") = "EventSourcing.Serialization.Tests", "EventSourcing.Serialization.Tests\EventSourcing.Serialization.Tests.csproj", "{356E2530-27E4-4193-8585-C682EA33B5D2}"
EndProject
Project("{FAE04EC0-301F-11D3-BF4B-00C04F79EFBC}") = "EventSourcing.Persistence", "EventSourcing.Persistence\EventSourcing.Persistence.csproj", "{BDD8E94B-500F-4EA5-95C5-C68116211159}"
EndProject
Project("{FAE04EC0-301F-11D3-BF4B-00C04F79EFBC}") = "EventSourcing.Persistence.Sql", "EventSourcing.Persistence.Sql\EventSourcing.Persistence.Sql.csproj", "{A753AFEC-D691-4624-8FD2-CDDFAA20A281}"
EndProject
Project("{FAE04EC0-301F-11D3-BF4B-00C04F79EFBC}") = "EventSourcing.Persistence.GetEventStore", "EventSourcing.Persistence.GetEventStore\EventSourcing.Persistence.GetEventStore.csproj", "{ED683025-E7E1-4C5B-BBC5-3F87450836DA}"
EndProject
Project("{FAE04EC0-301F-11D3-BF4B-00C04F79EFBC}") = "EventSourcing.Tests", "EventSourcing.Tests\EventSourcing.Tests.csproj", "{7D9AA8B3-377A-4CF3-961B-1B12A4D660E5}"
EndProject
Global
	GlobalSection(SolutionConfigurationPlatforms) = preSolution
		Debug|Any CPU = Debug|Any CPU
		Release|Any CPU = Release|Any CPU
	EndGlobalSection
	GlobalSection(ProjectConfigurationPlatforms) = postSolution
		{712A91CD-01C1-4FCC-A7E7-44A4586C21F4}.Debug|Any CPU.ActiveCfg = Debug|Any CPU
		{712A91CD-01C1-4FCC-A7E7-44A4586C21F4}.Debug|Any CPU.Build.0 = Debug|Any CPU
		{712A91CD-01C1-4FCC-A7E7-44A4586C21F4}.Release|Any CPU.ActiveCfg = Release|Any CPU
		{712A91CD-01C1-4FCC-A7E7-44A4586C21F4}.Release|Any CPU.Build.0 = Release|Any CPU
		{2F072D89-603C-43BC-8CF7-62E32D93CD94}.Debug|Any CPU.ActiveCfg = Debug|Any CPU
		{2F072D89-603C-43BC-8CF7-62E32D93CD94}.Debug|Any CPU.Build.0 = Debug|Any CPU
		{2F072D89-603C-43BC-8CF7-62E32D93CD94}.Release|Any CPU.ActiveCfg = Release|Any CPU
		{2F072D89-603C-43BC-8CF7-62E32D93CD94}.Release|Any CPU.Build.0 = Release|Any CPU
		{20775A52-9B65-4175-A519-B6867AD99C45}.Debug|Any CPU.ActiveCfg = Debug|Any CPU
		{20775A52-9B65-4175-A519-B6867AD99C45}.Debug|Any CPU.Build.0 = Debug|Any CPU
		{20775A52-9B65-4175-A519-B6867AD99C45}.Release|Any CPU.ActiveCfg = Release|Any CPU
		{20775A52-9B65-4175-A519-B6867AD99C45}.Release|Any CPU.Build.0 = Release|Any CPU
		{3D205F92-F9D5-4C67-9A23-E0F10DF1F435}.Debug|Any CPU.ActiveCfg = Debug|Any CPU
		{3D205F92-F9D5-4C67-9A23-E0F10DF1F435}.Debug|Any CPU.Build.0 = Debug|Any CPU
		{3D205F92-F9D5-4C67-9A23-E0F10DF1F435}.Release|Any CPU.ActiveCfg = Release|Any CPU
		{3D205F92-F9D5-4C67-9A23-E0F10DF1F435}.Release|Any CPU.Build.0 = Release|Any CPU
		{0B912015-26AF-4DF3-841E-160E800EDCFC}.Debug|Any CPU.ActiveCfg = Debug|Any CPU
		{0B912015-26AF-4DF3-841E-160E800EDCFC}.Debug|Any CPU.Build.0 = Debug|Any CPU
		{0B912015-26AF-4DF3-841E-160E800EDCFC}.Release|Any CPU.ActiveCfg = Release|Any CPU
		{0B912015-26AF-4DF3-841E-160E800EDCFC}.Release|Any CPU.Build.0 = Release|Any CPU
		{30F2DCB7-921E-4C94-AE32-1ABC9B3361E4}.Debug|Any CPU.ActiveCfg = Debug|Any CPU
		{30F2DCB7-921E-4C94-AE32-1ABC9B3361E4}.Debug|Any CPU.Build.0 = Debug|Any CPU
		{30F2DCB7-921E-4C94-AE32-1ABC9B3361E4}.Release|Any CPU.ActiveCfg = Release|Any CPU
		{30F2DCB7-921E-4C94-AE32-1ABC9B3361E4}.Release|Any CPU.Build.0 = Release|Any CPU
		{BF04227F-5770-4793-B8A1-AA979B39F70B}.Debug|Any CPU.ActiveCfg = Debug|Any CPU
		{BF04227F-5770-4793-B8A1-AA979B39F70B}.Debug|Any CPU.Build.0 = Debug|Any CPU
		{BF04227F-5770-4793-B8A1-AA979B39F70B}.Release|Any CPU.ActiveCfg = Release|Any CPU
		{BF04227F-5770-4793-B8A1-AA979B39F70B}.Release|Any CPU.Build.0 = Release|Any CPU
		{C379B274-FA4F-447A-A548-AACA2BB60DC1}.Debug|Any CPU.ActiveCfg = Debug|Any CPU
		{C379B274-FA4F-447A-A548-AACA2BB60DC1}.Debug|Any CPU.Build.0 = Debug|Any CPU
		{C379B274-FA4F-447A-A548-AACA2BB60DC1}.Release|Any CPU.ActiveCfg = Release|Any CPU
		{C379B274-FA4F-447A-A548-AACA2BB60DC1}.Release|Any CPU.Build.0 = Release|Any CPU
		{356E2530-27E4-4193-8585-C682EA33B5D2}.Debug|Any CPU.ActiveCfg = Debug|Any CPU
		{356E2530-27E4-4193-8585-C682EA33B5D2}.Debug|Any CPU.Build.0 = Debug|Any CPU
		{356E2530-27E4-4193-8585-C682EA33B5D2}.Release|Any CPU.ActiveCfg = Release|Any CPU
		{356E2530-27E4-4193-8585-C682EA33B5D2}.Release|Any CPU.Build.0 = Release|Any CPU
		{BDD8E94B-500F-4EA5-95C5-C68116211159}.Debug|Any CPU.ActiveCfg = Debug|Any CPU
		{BDD8E94B-500F-4EA5-95C5-C68116211159}.Debug|Any CPU.Build.0 = Debug|Any CPU
		{BDD8E94B-500F-4EA5-95C5-C68116211159}.Release|Any CPU.ActiveCfg = Release|Any CPU
		{BDD8E94B-500F-4EA5-95C5-C68116211159}.Release|Any CPU.Build.0 = Release|Any CPU
		{A753AFEC-D691-4624-8FD2-CDDFAA20A281}.Debug|Any CPU.ActiveCfg = Debug|Any CPU
		{A753AFEC-D691-4624-8FD2-CDDFAA20A281}.Debug|Any CPU.Build.0 = Debug|Any CPU
		{A753AFEC-D691-4624-8FD2-CDDFAA20A281}.Release|Any CPU.ActiveCfg = Release|Any CPU
		{A753AFEC-D691-4624-8FD2-CDDFAA20A281}.Release|Any CPU.Build.0 = Release|Any CPU
		{ED683025-E7E1-4C5B-BBC5-3F87450836DA}.Debug|Any CPU.ActiveCfg = Debug|Any CPU
		{ED683025-E7E1-4C5B-BBC5-3F87450836DA}.Debug|Any CPU.Build.0 = Debug|Any CPU
		{ED683025-E7E1-4C5B-BBC5-3F87450836DA}.Release|Any CPU.ActiveCfg = Release|Any CPU
		{ED683025-E7E1-4C5B-BBC5-3F87450836DA}.Release|Any CPU.Build.0 = Release|Any CPU
		{7D9AA8B3-377A-4CF3-961B-1B12A4D660E5}.Debug|Any CPU.ActiveCfg = Debug|Any CPU
		{7D9AA8B3-377A-4CF3-961B-1B12A4D660E5}.Debug|Any CPU.Build.0 = Debug|Any CPU
		{7D9AA8B3-377A-4CF3-961B-1B12A4D660E5}.Release|Any CPU.ActiveCfg = Release|Any CPU
		{7D9AA8B3-377A-4CF3-961B-1B12A4D660E5}.Release|Any CPU.Build.0 = Release|Any CPU
	EndGlobalSection
	GlobalSection(SolutionProperties) = preSolution
		HideSolutionNode = FALSE
	EndGlobalSection
	GlobalSection(NestedProjects) = preSolution
		{C379B274-FA4F-447A-A548-AACA2BB60DC1} = {3BCFE255-C7E4-4EDE-90D1-119A487DAAAE}
		{356E2530-27E4-4193-8585-C682EA33B5D2} = {3BCFE255-C7E4-4EDE-90D1-119A487DAAAE}
		{7D9AA8B3-377A-4CF3-961B-1B12A4D660E5} = {3BCFE255-C7E4-4EDE-90D1-119A487DAAAE}
	EndGlobalSection
EndGlobal
